
Microsoft Visual Studio Solution File, Format Version 12.00
# Visual Studio Version 17
VisualStudioVersion = 17.4.33213.308
MinimumVisualStudioVersion = 10.0.40219.1
Project("{FAE04EC0-301F-11D3-BF4B-00C04F79EFBC}") = "hw_24.04", "hw_24.04.csproj", "{2EE3EAFD-34B1-4355-9821-93B3B0BDCF7D}"
EndProject
Global
	GlobalSection(SolutionConfigurationPlatforms) = preSolution
		Debug|Any CPU = Debug|Any CPU
		Release|Any CPU = Release|Any CPU
	EndGlobalSection
	GlobalSection(ProjectConfigurationPlatforms) = postSolution
		{2EE3EAFD-34B1-4355-9821-93B3B0BDCF7D}.Debug|Any CPU.ActiveCfg = Debug|Any CPU
		{2EE3EAFD-34B1-4355-9821-93B3B0BDCF7D}.Debug|Any CPU.Build.0 = Debug|Any CPU
		{2EE3EAFD-34B1-4355-9821-93B3B0BDCF7D}.Release|Any CPU.ActiveCfg = Release|Any CPU
		{2EE3EAFD-34B1-4355-9821-93B3B0BDCF7D}.Release|Any CPU.Build.0 = Release|Any CPU
	EndGlobalSection
	GlobalSection(SolutionProperties) = preSolution
		HideSolutionNode = FALSE
	EndGlobalSection
	GlobalSection(ExtensibilityGlobals) = postSolution
		SolutionGuid = {3103177A-036C-4CA7-9C8B-1A4CDB5DB0CC}
	EndGlobalSection
EndGlobal
